
Microsoft Visual Studio Solution File, Format Version 12.00
# Visual Studio Version 17
VisualStudioVersion = 17.9.34728.123
MinimumVisualStudioVersion = 10.0.40219.1
Project("{FAE04EC0-301F-11D3-BF4B-00C04F79EFBC}") = "BalanceService.Core", "BalanceService.Core.csproj", "{110F0F15-50FA-473C-AB44-4D17E3BA448C}"
EndProject
Project("{FAE04EC0-301F-11D3-BF4B-00C04F79EFBC}") = "BalanceService.Tests", "..\BalanceService.Tests\BalanceService.Tests.csproj", "{1B91563B-1398-48B8-9275-4F2118BF59F4}"
EndProject
Project("{FAE04EC0-301F-11D3-BF4B-00C04F79EFBC}") = "BalanceService.App", "..\BalanceService.App\BalanceService.App.csproj", "{BB100E5B-405F-4A55-BB0D-B0583D062064}"
EndProject
Global
	GlobalSection(SolutionConfigurationPlatforms) = preSolution
		Debug|Any CPU = Debug|Any CPU
		Release|Any CPU = Release|Any CPU
	EndGlobalSection
	GlobalSection(ProjectConfigurationPlatforms) = postSolution
		{110F0F15-50FA-473C-AB44-4D17E3BA448C}.Debug|Any CPU.ActiveCfg = Debug|Any CPU
		{110F0F15-50FA-473C-AB44-4D17E3BA448C}.Debug|Any CPU.Build.0 = Debug|Any CPU
		{110F0F15-50FA-473C-AB44-4D17E3BA448C}.Release|Any CPU.ActiveCfg = Release|Any CPU
		{110F0F15-50FA-473C-AB44-4D17E3BA448C}.Release|Any CPU.Build.0 = Release|Any CPU
		{1B91563B-1398-48B8-9275-4F2118BF59F4}.Debug|Any CPU.ActiveCfg = Debug|Any CPU
		{1B91563B-1398-48B8-9275-4F2118BF59F4}.Debug|Any CPU.Build.0 = Debug|Any CPU
		{1B91563B-1398-48B8-9275-4F2118BF59F4}.Release|Any CPU.ActiveCfg = Release|Any CPU
		{1B91563B-1398-48B8-9275-4F2118BF59F4}.Release|Any CPU.Build.0 = Release|Any CPU
		{BB100E5B-405F-4A55-BB0D-B0583D062064}.Debug|Any CPU.ActiveCfg = Debug|Any CPU
		{BB100E5B-405F-4A55-BB0D-B0583D062064}.Debug|Any CPU.Build.0 = Debug|Any CPU
		{BB100E5B-405F-4A55-BB0D-B0583D062064}.Release|Any CPU.ActiveCfg = Release|Any CPU
		{BB100E5B-405F-4A55-BB0D-B0583D062064}.Release|Any CPU.Build.0 = Release|Any CPU
	EndGlobalSection
	GlobalSection(SolutionProperties) = preSolution
		HideSolutionNode = FALSE
	EndGlobalSection
	GlobalSection(ExtensibilityGlobals) = postSolution
		SolutionGuid = {18B70D2B-C5AB-4EDD-BABF-FDF54812361E}
	EndGlobalSection
EndGlobal
